
Microsoft Visual Studio Solution File, Format Version 12.00
# Visual Studio 15
VisualStudioVersion = 15.0.27004.2002
MinimumVisualStudioVersion = 10.0.40219.1
Project("{9A19103F-16F7-4668-BE54-9A1E7A4F7556}") = "NetCoreRazorPageApp", "NetCoreRazorPageApp\NetCoreRazorPageApp.csproj", "{88606F93-410B-4A8C-857B-3C48C31B1FE3}"
EndProject
Global
	GlobalSection(SolutionConfigurationPlatforms) = preSolution
		Debug|Any CPU = Debug|Any CPU
		Release|Any CPU = Release|Any CPU
	EndGlobalSection
	GlobalSection(ProjectConfigurationPlatforms) = postSolution
		{88606F93-410B-4A8C-857B-3C48C31B1FE3}.Debug|Any CPU.ActiveCfg = Debug|Any CPU
		{88606F93-410B-4A8C-857B-3C48C31B1FE3}.Debug|Any CPU.Build.0 = Debug|Any CPU
		{88606F93-410B-4A8C-857B-3C48C31B1FE3}.Release|Any CPU.ActiveCfg = Release|Any CPU
		{88606F93-410B-4A8C-857B-3C48C31B1FE3}.Release|Any CPU.Build.0 = Release|Any CPU
	EndGlobalSection
	GlobalSection(SolutionProperties) = preSolution
		HideSolutionNode = FALSE
	EndGlobalSection
	GlobalSection(ExtensibilityGlobals) = postSolution
		SolutionGuid = {DD11AF23-AEB8-40EE-ABD4-86E216DDB65F}
	EndGlobalSection
EndGlobal
